
Microsoft Visual Studio Solution File, Format Version 12.00
# Visual Studio Version 17
VisualStudioVersion = 17.9.34622.214
MinimumVisualStudioVersion = 10.0.40219.1
Project("{C9674DCB-5085-4A16-B785-4C70DD1589BD}") = "PFEProject", "PFEProject.dtproj", "{0C62EA7C-909C-4891-8E31-70077D7D6F31}"
EndProject
Global
	GlobalSection(SolutionConfigurationPlatforms) = preSolution
		Development|Default = Development|Default
	EndGlobalSection
	GlobalSection(ProjectConfigurationPlatforms) = postSolution
		{0C62EA7C-909C-4891-8E31-70077D7D6F31}.Development|Default.ActiveCfg = Development
		{0C62EA7C-909C-4891-8E31-70077D7D6F31}.Development|Default.Build.0 = Development
	EndGlobalSection
	GlobalSection(SolutionProperties) = preSolution
		HideSolutionNode = FALSE
	EndGlobalSection
	GlobalSection(ExtensibilityGlobals) = postSolution
		SolutionGuid = {D754F3B7-283E-405C-9618-6688B0219D02}
	EndGlobalSection
EndGlobal
